Microsoft Visual Studio Solution File, Format Version 12.00
# Visual Studio Version 17
VisualStudioVersion = 17.5.2.0
MinimumVisualStudioVersion = 10.0.40219.1
Project("{FAE04EC0-301F-11D3-BF4B-00C04F79EFBC}") = "Petly.Maui", "Petly.Maui.csproj", "{D4E3EFEE-E3F4-C5D6-BB7C-CD7AD3508ED6}"
EndProject
Global
	GlobalSection(SolutionConfigurationPlatforms) = preSolution
		Debug|Any CPU = Debug|Any CPU
		Release|Any CPU = Release|Any CPU
	EndGlobalSection
	GlobalSection(ProjectConfigurationPlatforms) = postSolution
		{D4E3EFEE-E3F4-C5D6-BB7C-CD7AD3508ED6}.Debug|Any CPU.ActiveCfg = Debug|Any CPU
		{D4E3EFEE-E3F4-C5D6-BB7C-CD7AD3508ED6}.Debug|Any CPU.Build.0 = Debug|Any CPU
		{D4E3EFEE-E3F4-C5D6-BB7C-CD7AD3508ED6}.Release|Any CPU.ActiveCfg = Release|Any CPU
		{D4E3EFEE-E3F4-C5D6-BB7C-CD7AD3508ED6}.Release|Any CPU.Build.0 = Release|Any CPU
	EndGlobalSection
	GlobalSection(SolutionProperties) = preSolution
		HideSolutionNode = FALSE
	EndGlobalSection
	GlobalSection(ExtensibilityGlobals) = postSolution
		SolutionGuid = {A96C9341-CB02-4839-BC51-03CE941B32A1}
	EndGlobalSection
EndGlobal
